// !$*UTF8*$!
{
	archiveVersion = 1;
	classes = {
	};
	objectVersion = 46;
	objects = {

/* Begin PBXBuildFile section */
		03F8E0205FE64DD58F0D1307 /* Pods_Movies_app.framework in Frameworks */ = {isa = PBXBuildFile; fileRef = 637A6364EF55FA78CB6D62A1 /* Pods_Movies_app.framework */; };
		43E8CFB21EFAB2D90040A982 /* AppDelegate.swift in Sources */ = {isa = PBXBuildFile; fileRef = 43E8CFB11EFAB2D90040A982 /* AppDelegate.swift */; };
		43E8CFB41EFAB2D90040A982 /* ViewController.swift in Sources */ = {isa = PBXBuildFile; fileRef = 43E8CFB31EFAB2D90040A982 /* ViewController.swift */; };
		43E8CFB71EFAB2D90040A982 /* Main.storyboard in Resources */ = {isa = PBXBuildFile; fileRef = 43E8CFB51EFAB2D90040A982 /* Main.storyboard */; };
		43E8CFBA1EFAB2D90040A982 /* Movies_app.xcdatamodeld in Sources */ = {isa = PBXBuildFile; fileRef = 43E8CFB81EFAB2D90040A982 /* Movies_app.xcdatamodeld */; };
		43E8CFBC1EFAB2D90040A982 /* Assets.xcassets in Resources */ = {isa = PBXBuildFile; fileRef = 43E8CFBB1EFAB2D90040A982 /* Assets.xcassets */; };
		43E8CFBF1EFAB2D90040A982 /* LaunchScreen.storyboard in Resources */ = {isa = PBXBuildFile; fileRef = 43E8CFBD1EFAB2D90040A982 /* LaunchScreen.storyboard */; };
		43E8CFCA1EFAB2D90040A982 /* Movies_appTests.swift in Sources */ = {isa = PBXBuildFile; fileRef = 43E8CFC91EFAB2D90040A982 /* Movies_appTests.swift */; };
		43E8CFD51EFAB2D90040A982 /* Movies_appUITests.swift in Sources */ = {isa = PBXBuildFile; fileRef = 43E8CFD41EFAB2D90040A982 /* Movies_appUITests.swift */; };
		5126443B1EFF4A3300B6D2F8 /* Home.storyboard in Resources */ = {isa = PBXBuildFile; fileRef = 5126443A1EFF4A3300B6D2F8 /* Home.storyboard */; };
		5126443D1EFF4A4300B6D2F8 /* Search.storyboard in Resources */ = {isa = PBXBuildFile; fileRef = 5126443C1EFF4A4300B6D2F8 /* Search.storyboard */; };
		5126443F1EFF4A5500B6D2F8 /* Favorites.storyboard in Resources */ = {isa = PBXBuildFile; fileRef = 5126443E1EFF4A5500B6D2F8 /* Favorites.storyboard */; };
		512644411EFF4A6500B6D2F8 /* Random.storyboard in Resources */ = {isa = PBXBuildFile; fileRef = 512644401EFF4A6500B6D2F8 /* Random.storyboard */; };
		512644431EFF4A8F00B6D2F8 /* HomeViewController.swift in Sources */ = {isa = PBXBuildFile; fileRef = 512644421EFF4A8F00B6D2F8 /* HomeViewController.swift */; };
		512644451EFF4BB100B6D2F8 /* SearchViewController.swift in Sources */ = {isa = PBXBuildFile; fileRef = 512644441EFF4BB100B6D2F8 /* SearchViewController.swift */; };
		512644471EFF4C2D00B6D2F8 /* FavoritesViewController.swift in Sources */ = {isa = PBXBuildFile; fileRef = 512644461EFF4C2D00B6D2F8 /* FavoritesViewController.swift */; };
		512644491EFF4C7C00B6D2F8 /* RandomViewController.swift in Sources */ = {isa = PBXBuildFile; fileRef = 512644481EFF4C7B00B6D2F8 /* RandomViewController.swift */; };
		C8034B7CAD1DD193BB64C2E3 /* Pods_Movies_appUITests.framework in Frameworks */ = {isa = PBXBuildFile; fileRef = D8B71C68E9D3176AA6F975BC /* Pods_Movies_appUITests.framework */; };
		E8886F72F6831DF9A97BDC04 /* Pods_Movies_appTests.framework in Frameworks */ = {isa = PBXBuildFile; fileRef = 7B79BC7147D9AD740D31123A /* Pods_Movies_appTests.framework */; };
/* End PBXBuildFile section */

/* Begin PBXContainerItemProxy section */
		43E8CFC61EFAB2D90040A982 /* PBXContainerItemProxy */ = {
			isa = PBXContainerItemProxy;
			containerPortal = 43E8CFA61EFAB2D90040A982 /* Project object */;
			proxyType = 1;
			remoteGlobalIDString = 43E8CFAD1EFAB2D90040A982;
			remoteInfo = "Movies-app";
		};
		43E8CFD11EFAB2D90040A982 /* PBXContainerItemProxy */ = {
			isa = PBXContainerItemProxy;
			containerPortal = 43E8CFA61EFAB2D90040A982 /* Project object */;
			proxyType = 1;
			remoteGlobalIDString = 43E8CFAD1EFAB2D90040A982;
			remoteInfo = "Movies-app";
		};
/* End PBXContainerItemProxy section */

/* Begin PBXFileReference section */
		1D5E68FED44FB5DA062B2AF8 /* Pods-Movies-app.debug.xcconfig */ = {isa = PBXFileReference; includeInIndex = 1; lastKnownFileType = text.xcconfig; name = "Pods-Movies-app.debug.xcconfig"; path = "Pods/Target Support Files/Pods-Movies-app/Pods-Movies-app.debug.xcconfig"; sourceTree = "<group>"; };
		257DE3AE4F7BDA87BF141C9A /* Pods-Movies-appTests.debug.xcconfig */ = {isa = PBXFileReference; includeInIndex = 1; lastKnownFileType = text.xcconfig; name = "Pods-Movies-appTests.debug.xcconfig"; path = "Pods/Target Support Files/Pods-Movies-appTests/Pods-Movies-appTests.debug.xcconfig"; sourceTree = "<group>"; };
		43E8CFAE1EFAB2D90040A982 /* Movies-app.app */ = {isa = PBXFileReference; explicitFileType = wrapper.application; includeInIndex = 0; path = "Movies-app.app"; sourceTree = BUILT_PRODUCTS_DIR; };
		43E8CFB11EFAB2D90040A982 /* AppDelegate.swift */ = {isa = PBXFileReference; lastKnownFileType = sourcecode.swift; path = AppDelegate.swift; sourceTree = "<group>"; };
		43E8CFB31EFAB2D90040A982 /* ViewController.swift */ = {isa = PBXFileReference; lastKnownFileType = sourcecode.swift; path = ViewController.swift; sourceTree = "<group>"; };
		43E8CFB61EFAB2D90040A982 /* Base */ = {isa = PBXFileReference; lastKnownFileType = file.storyboard; name = Base; path = Base.lproj/Main.storyboard; sourceTree = "<group>"; };
		43E8CFB91EFAB2D90040A982 /* Movies_app.xcdatamodel */ = {isa = PBXFileReference; lastKnownFileType = wrapper.xcdatamodel; path = Movies_app.xcdatamodel; sourceTree = "<group>"; };
		43E8CFBB1EFAB2D90040A982 /* Assets.xcassets */ = {isa = PBXFileReference; lastKnownFileType = folder.assetcatalog; path = Assets.xcassets; sourceTree = "<group>"; };
		43E8CFBE1EFAB2D90040A982 /* Base */ = {isa = PBXFileReference; lastKnownFileType = file.storyboard; name = Base; path = Base.lproj/LaunchScreen.storyboard; sourceTree = "<group>"; };
		43E8CFC01EFAB2D90040A982 /* Info.plist */ = {isa = PBXFileReference; lastKnownFileType = text.plist.xml; path = Info.plist; sourceTree = "<group>"; };
		43E8CFC51EFAB2D90040A982 /* Movies-appTests.xctest */ = {isa = PBXFileReference; explicitFileType = wrapper.cfbundle; includeInIndex = 0; path = "Movies-appTests.xctest"; sourceTree = BUILT_PRODUCTS_DIR; };
		43E8CFC91EFAB2D90040A982 /* Movies_appTests.swift */ = {isa = PBXFileReference; lastKnownFileType = sourcecode.swift; path = Movies_appTests.swift; sourceTree = "<group>"; };
		43E8CFCB1EFAB2D90040A982 /* Info.plist */ = {isa = PBXFileReference; lastKnownFileType = text.plist.xml; path = Info.plist; sourceTree = "<group>"; };
		43E8CFD01EFAB2D90040A982 /* Movies-appUITests.xctest */ = {isa = PBXFileReference; explicitFileType = wrapper.cfbundle; includeInIndex = 0; path = "Movies-appUITests.xctest"; sourceTree = BUILT_PRODUCTS_DIR; };
		43E8CFD41EFAB2D90040A982 /* Movies_appUITests.swift */ = {isa = PBXFileReference; lastKnownFileType = sourcecode.swift; path = Movies_appUITests.swift; sourceTree = "<group>"; };
		43E8CFD61EFAB2D90040A982 /* Info.plist */ = {isa = PBXFileReference; lastKnownFileType = text.plist.xml; path = Info.plist; sourceTree = "<group>"; };
		5126443A1EFF4A3300B6D2F8 /* Home.storyboard */ = {isa = PBXFileReference; fileEncoding = 4; lastKnownFileType = file.storyboard; path = Home.storyboard; sourceTree = "<group>"; };
		5126443C1EFF4A4300B6D2F8 /* Search.storyboard */ = {isa = PBXFileReference; fileEncoding = 4; lastKnownFileType = file.storyboard; path = Search.storyboard; sourceTree = "<group>"; };
		5126443E1EFF4A5500B6D2F8 /* Favorites.storyboard */ = {isa = PBXFileReference; fileEncoding = 4; lastKnownFileType = file.storyboard; path = Favorites.storyboard; sourceTree = "<group>"; };
		512644401EFF4A6500B6D2F8 /* Random.storyboard */ = {isa = PBXFileReference; fileEncoding = 4; lastKnownFileType = file.storyboard; path = Random.storyboard; sourceTree = "<group>"; };
		512644421EFF4A8F00B6D2F8 /* HomeViewController.swift */ = {isa = PBXFileReference; fileEncoding = 4; lastKnownFileType = sourcecode.swift; path = HomeViewController.swift; sourceTree = "<group>"; };
		512644441EFF4BB100B6D2F8 /* SearchViewController.swift */ = {isa = PBXFileReference; fileEncoding = 4; lastKnownFileType = sourcecode.swift; path = SearchViewController.swift; sourceTree = "<group>"; };
		512644461EFF4C2D00B6D2F8 /* FavoritesViewController.swift */ = {isa = PBXFileReference; fileEncoding = 4; lastKnownFileType = sourcecode.swift; path = FavoritesViewController.swift; sourceTree = "<group>"; };
		512644481EFF4C7B00B6D2F8 /* RandomViewController.swift */ = {isa = PBXFileReference; fileEncoding = 4; lastKnownFileType = sourcecode.swift; path = RandomViewController.swift; sourceTree = "<group>"; };
		637A6364EF55FA78CB6D62A1 /* Pods_Movies_app.framework */ = {isa = PBXFileReference; explicitFileType = wrapper.framework; includeInIndex = 0; path = Pods_Movies_app.framework; sourceTree = BUILT_PRODUCTS_DIR; };
		79D0C9DB98B1CD154861BF37 /* Pods-Movies-appTests.release.xcconfig */ = {isa = PBXFileReference; includeInIndex = 1; lastKnownFileType = text.xcconfig; name = "Pods-Movies-appTests.release.xcconfig"; path = "Pods/Target Support Files/Pods-Movies-appTests/Pods-Movies-appTests.release.xcconfig"; sourceTree = "<group>"; };
		7B79BC7147D9AD740D31123A /* Pods_Movies_appTests.framework */ = {isa = PBXFileReference; explicitFileType = wrapper.framework; includeInIndex = 0; path = Pods_Movies_appTests.framework; sourceTree = BUILT_PRODUCTS_DIR; };
		A29582F63E6AE4E32C0F3BE1 /* Pods-Movies-appUITests.debug.xcconfig */ = {isa = PBXFileReference; includeInIndex = 1; lastKnownFileType = text.xcconfig; name = "Pods-Movies-appUITests.debug.xcconfig"; path = "Pods/Target Support Files/Pods-Movies-appUITests/Pods-Movies-appUITests.debug.xcconfig"; sourceTree = "<group>"; };
		B6524F387B444AE312990405 /* Pods-Movies-appUITests.release.xcconfig */ = {isa = PBXFileReference; includeInIndex = 1; lastKnownFileType = text.xcconfig; name = "Pods-Movies-appUITests.release.xcconfig"; path = "Pods/Target Support Files/Pods-Movies-appUITests/Pods-Movies-appUITests.release.xcconfig"; sourceTree = "<group>"; };
		D8B71C68E9D3176AA6F975BC /* Pods_Movies_appUITests.framework */ = {isa = PBXFileReference; explicitFileType = wrapper.framework; includeInIndex = 0; path = Pods_Movies_appUITests.framework; sourceTree = BUILT_PRODUCTS_DIR; };
		ED616047CEB769393E77768E /* Pods-Movies-app.release.xcconfig */ = {isa = PBXFileReference; includeInIndex = 1; lastKnownFileType = text.xcconfig; name = "Pods-Movies-app.release.xcconfig"; path = "Pods/Target Support Files/Pods-Movies-app/Pods-Movies-app.release.xcconfig"; sourceTree = "<group>"; };
/* End PBXFileReference section */

/* Begin PBXFrameworksBuildPhase section */
		43E8CFAB1EFAB2D90040A982 /* Frameworks */ = {
			isa = PBXFrameworksBuildPhase;
			buildActionMask = 2147483647;
			files = (
				03F8E0205FE64DD58F0D1307 /* Pods_Movies_app.framework in Frameworks */,
			);
			runOnlyForDeploymentPostprocessing = 0;
		};
		43E8CFC21EFAB2D90040A982 /* Frameworks */ = {
			isa = PBXFrameworksBuildPhase;
			buildActionMask = 2147483647;
			files = (
				E8886F72F6831DF9A97BDC04 /* Pods_Movies_appTests.framework in Frameworks */,
			);
			runOnlyForDeploymentPostprocessing = 0;
		};
		43E8CFCD1EFAB2D90040A982 /* Frameworks */ = {
			isa = PBXFrameworksBuildPhase;
			buildActionMask = 2147483647;
			files = (
				C8034B7CAD1DD193BB64C2E3 /* Pods_Movies_appUITests.framework in Frameworks */,
			);
			runOnlyForDeploymentPostprocessing = 0;
		};
/* End PBXFrameworksBuildPhase section */

/* Begin PBXGroup section */
		195FD5F5EFF7785C1E54FA9C /* Pods */ = {
			isa = PBXGroup;
			children = (
				1D5E68FED44FB5DA062B2AF8 /* Pods-Movies-app.debug.xcconfig */,
				ED616047CEB769393E77768E /* Pods-Movies-app.release.xcconfig */,
				257DE3AE4F7BDA87BF141C9A /* Pods-Movies-appTests.debug.xcconfig */,
				79D0C9DB98B1CD154861BF37 /* Pods-Movies-appTests.release.xcconfig */,
				A29582F63E6AE4E32C0F3BE1 /* Pods-Movies-appUITests.debug.xcconfig */,
				B6524F387B444AE312990405 /* Pods-Movies-appUITests.release.xcconfig */,
			);
			name = Pods;
			sourceTree = "<group>";
		};
		43E8CFA51EFAB2D90040A982 = {
			isa = PBXGroup;
			children = (
				43E8CFB01EFAB2D90040A982 /* Movies-app */,
				43E8CFC81EFAB2D90040A982 /* Movies-appTests */,
				43E8CFD31EFAB2D90040A982 /* Movies-appUITests */,
				43E8CFAF1EFAB2D90040A982 /* Products */,
				195FD5F5EFF7785C1E54FA9C /* Pods */,
				97D0333B8F3B79F8FEBF1096 /* Frameworks */,
			);
			sourceTree = "<group>";
		};
		43E8CFAF1EFAB2D90040A982 /* Products */ = {
			isa = PBXGroup;
			children = (
				43E8CFAE1EFAB2D90040A982 /* Movies-app.app */,
				43E8CFC51EFAB2D90040A982 /* Movies-appTests.xctest */,
				43E8CFD01EFAB2D90040A982 /* Movies-appUITests.xctest */,
			);
			name = Products;
			sourceTree = "<group>";
		};
		43E8CFB01EFAB2D90040A982 /* Movies-app */ = {
			isa = PBXGroup;
			children = (
				43E8CFB11EFAB2D90040A982 /* AppDelegate.swift */,
				43E8CFB31EFAB2D90040A982 /* ViewController.swift */,
				43E8CFB51EFAB2D90040A982 /* Main.storyboard */,
				43E8CFBB1EFAB2D90040A982 /* Assets.xcassets */,
				43E8CFBD1EFAB2D90040A982 /* LaunchScreen.storyboard */,
				43E8CFC01EFAB2D90040A982 /* Info.plist */,
				43E8CFB81EFAB2D90040A982 /* Movies_app.xcdatamodeld */,
				5126443A1EFF4A3300B6D2F8 /* Home.storyboard */,
				5126443C1EFF4A4300B6D2F8 /* Search.storyboard */,
				5126443E1EFF4A5500B6D2F8 /* Favorites.storyboard */,
				512644401EFF4A6500B6D2F8 /* Random.storyboard */,
				512644421EFF4A8F00B6D2F8 /* HomeViewController.swift */,
				512644441EFF4BB100B6D2F8 /* SearchViewController.swift */,
				512644461EFF4C2D00B6D2F8 /* FavoritesViewController.swift */,
				512644481EFF4C7B00B6D2F8 /* RandomViewController.swift */,
			);
			path = "Movies-app";
			sourceTree = "<group>";
		};
		43E8CFC81EFAB2D90040A982 /* Movies-appTests */ = {
			isa = PBXGroup;
			children = (
				43E8CFC91EFAB2D90040A982 /* Movies_appTests.swift */,
				43E8CFCB1EFAB2D90040A982 /* Info.plist */,
			);
			path = "Movies-appTests";
			sourceTree = "<group>";
		};
		43E8CFD31EFAB2D90040A982 /* Movies-appUITests */ = {
			isa = PBXGroup;
			children = (
				43E8CFD41EFAB2D90040A982 /* Movies_appUITests.swift */,
				43E8CFD61EFAB2D90040A982 /* Info.plist */,
			);
			path = "Movies-appUITests";
			sourceTree = "<group>";
		};
		97D0333B8F3B79F8FEBF1096 /* Frameworks */ = {
			isa = PBXGroup;
			children = (
				637A6364EF55FA78CB6D62A1 /* Pods_Movies_app.framework */,
				7B79BC7147D9AD740D31123A /* Pods_Movies_appTests.framework */,
				D8B71C68E9D3176AA6F975BC /* Pods_Movies_appUITests.framework */,
			);
			name = Frameworks;
			sourceTree = "<group>";
		};
/* End PBXGroup section */

/* Begin PBXNativeTarget section */
		43E8CFAD1EFAB2D90040A982 /* Movies-app */ = {
			isa = PBXNativeTarget;
			buildConfigurationList = 43E8CFD91EFAB2D90040A982 /* Build configuration list for PBXNativeTarget "Movies-app" */;
			buildPhases = (
				4F95E534002ABE56A2E7CCF9 /* [CP] Check Pods Manifest.lock */,
				43E8CFAA1EFAB2D90040A982 /* Sources */,
				43E8CFAB1EFAB2D90040A982 /* Frameworks */,
				43E8CFAC1EFAB2D90040A982 /* Resources */,
				AE509D608B70A8CE63DE2A27 /* [CP] Embed Pods Frameworks */,
				216C0FCC2ED62696CE280E46 /* [CP] Copy Pods Resources */,
			);
			buildRules = (
			);
			dependencies = (
			);
			name = "Movies-app";
			productName = "Movies-app";
			productReference = 43E8CFAE1EFAB2D90040A982 /* Movies-app.app */;
			productType = "com.apple.product-type.application";
		};
		43E8CFC41EFAB2D90040A982 /* Movies-appTests */ = {
			isa = PBXNativeTarget;
			buildConfigurationList = 43E8CFDC1EFAB2D90040A982 /* Build configuration list for PBXNativeTarget "Movies-appTests" */;
			buildPhases = (
				823BC0CADB8B207C12F0FA6A /* [CP] Check Pods Manifest.lock */,
				43E8CFC11EFAB2D90040A982 /* Sources */,
				43E8CFC21EFAB2D90040A982 /* Frameworks */,
				43E8CFC31EFAB2D90040A982 /* Resources */,
				7956161F9CEEAD3E93698C77 /* [CP] Embed Pods Frameworks */,
				BDEE91BB78D12194CD146A31 /* [CP] Copy Pods Resources */,
			);
			buildRules = (
			);
			dependencies = (
				43E8CFC71EFAB2D90040A982 /* PBXTargetDependency */,
			);
			name = "Movies-appTests";
			productName = "Movies-appTests";
			productReference = 43E8CFC51EFAB2D90040A982 /* Movies-appTests.xctest */;
			productType = "com.apple.product-type.bundle.unit-test";
		};
		43E8CFCF1EFAB2D90040A982 /* Movies-appUITests */ = {
			isa = PBXNativeTarget;
			buildConfigurationList = 43E8CFDF1EFAB2D90040A982 /* Build configuration list for PBXNativeTarget "Movies-appUITests" */;
			buildPhases = (
				458A2A9DFEA8F39B2B66229E /* [CP] Check Pods Manifest.lock */,
				43E8CFCC1EFAB2D90040A982 /* Sources */,
				43E8CFCD1EFAB2D90040A982 /* Frameworks */,
				43E8CFCE1EFAB2D90040A982 /* Resources */,
				BB7388491B0B43A45EBFC6BE /* [CP] Embed Pods Frameworks */,
				325AFE2D055C5356AB06B08F /* [CP] Copy Pods Resources */,
			);
			buildRules = (
			);
			dependencies = (
				43E8CFD21EFAB2D90040A982 /* PBXTargetDependency */,
			);
			name = "Movies-appUITests";
			productName = "Movies-appUITests";
			productReference = 43E8CFD01EFAB2D90040A982 /* Movies-appUITests.xctest */;
			productType = "com.apple.product-type.bundle.ui-testing";
		};
/* End PBXNativeTarget section */

/* Begin PBXProject section */
		43E8CFA61EFAB2D90040A982 /* Project object */ = {
			isa = PBXProject;
			attributes = {
				LastSwiftUpdateCheck = 0830;
				LastUpgradeCheck = 0830;
				ORGANIZATIONNAME = agustindaguerre;
				TargetAttributes = {
					43E8CFAD1EFAB2D90040A982 = {
						CreatedOnToolsVersion = 8.3.2;
						ProvisioningStyle = Manual;
					};
					43E8CFC41EFAB2D90040A982 = {
						CreatedOnToolsVersion = 8.3.2;
						DevelopmentTeam = UUBSQ7AHAA;
						ProvisioningStyle = Automatic;
						TestTargetID = 43E8CFAD1EFAB2D90040A982;
					};
					43E8CFCF1EFAB2D90040A982 = {
						CreatedOnToolsVersion = 8.3.2;
						DevelopmentTeam = UUBSQ7AHAA;
						ProvisioningStyle = Automatic;
						TestTargetID = 43E8CFAD1EFAB2D90040A982;
					};
				};
			};
			buildConfigurationList = 43E8CFA91EFAB2D90040A982 /* Build configuration list for PBXProject "Movies-app" */;
			compatibilityVersion = "Xcode 3.2";
			developmentRegion = English;
			hasScannedForEncodings = 0;
			knownRegions = (
				en,
				Base,
			);
			mainGroup = 43E8CFA51EFAB2D90040A982;
			productRefGroup = 43E8CFAF1EFAB2D90040A982 /* Products */;
			projectDirPath = "";
			projectRoot = "";
			targets = (
				43E8CFAD1EFAB2D90040A982 /* Movies-app */,
				43E8CFC41EFAB2D90040A982 /* Movies-appTests */,
				43E8CFCF1EFAB2D90040A982 /* Movies-appUITests */,
			);
		};
/* End PBXProject section */

/* Begin PBXResourcesBuildPhase section */
		43E8CFAC1EFAB2D90040A982 /* Resources */ = {
			isa = PBXResourcesBuildPhase;
			buildActionMask = 2147483647;
			files = (
				43E8CFBF1EFAB2D90040A982 /* LaunchScreen.storyboard in Resources */,
				43E8CFBC1EFAB2D90040A982 /* Assets.xcassets in Resources */,
				512644411EFF4A6500B6D2F8 /* Random.storyboard in Resources */,
				5126443F1EFF4A5500B6D2F8 /* Favorites.storyboard in Resources */,
				43E8CFB71EFAB2D90040A982 /* Main.storyboard in Resources */,
				5126443B1EFF4A3300B6D2F8 /* Home.storyboard in Resources */,
				5126443D1EFF4A4300B6D2F8 /* Search.storyboard in Resources */,
			);
			runOnlyForDeploymentPostprocessing = 0;
		};
		43E8CFC31EFAB2D90040A982 /* Resources */ = {
			isa = PBXResourcesBuildPhase;
			buildActionMask = 2147483647;
			files = (
			);
			runOnlyForDeploymentPostprocessing = 0;
		};
		43E8CFCE1EFAB2D90040A982 /* Resources */ = {
			isa = PBXResourcesBuildPhase;
			buildActionMask = 2147483647;
			files = (
			);
			runOnlyForDeploymentPostprocessing = 0;
		};
/* End PBXResourcesBuildPhase section */

/* Begin PBXShellScriptBuildPhase section */
		216C0FCC2ED62696CE280E46 /* [CP] Copy Pods Resources */ = {
			isa = PBXShellScriptBuildPhase;
			buildActionMask = 2147483647;
			files = (
			);
			inputPaths = (
			);
			name = "[CP] Copy Pods Resources";
			outputPaths = (
			);
			runOnlyForDeploymentPostprocessing = 0;
			shellPath = /bin/sh;
			shellScript = "\"${SRCROOT}/Pods/Target Support Files/Pods-Movies-app/Pods-Movies-app-resources.sh\"\n";
			showEnvVarsInLog = 0;
		};
		325AFE2D055C5356AB06B08F /* [CP] Copy Pods Resources */ = {
			isa = PBXShellScriptBuildPhase;
			buildActionMask = 2147483647;
			files = (
			);
			inputPaths = (
			);
			name = "[CP] Copy Pods Resources";
			outputPaths = (
			);
			runOnlyForDeploymentPostprocessing = 0;
			shellPath = /bin/sh;
			shellScript = "\"${SRCROOT}/Pods/Target Support Files/Pods-Movies-appUITests/Pods-Movies-appUITests-resources.sh\"\n";
			showEnvVarsInLog = 0;
		};
		458A2A9DFEA8F39B2B66229E /* [CP] Check Pods Manifest.lock */ = {
			isa = PBXShellScriptBuildPhase;
			buildActionMask = 2147483647;
			files = (
			);
			inputPaths = (
			);
			name = "[CP] Check Pods Manifest.lock";
			outputPaths = (
			);
			runOnlyForDeploymentPostprocessing = 0;
			shellPath = /bin/sh;
			shellScript = "diff \"${PODS_PODFILE_DIR_PATH}/Podfile.lock\" \"${PODS_ROOT}/Manifest.lock\" > /dev/null\nif [ $? != 0 ] ; then\n    # print error to STDERR\n    echo \"error: The sandbox is not in sync with the Podfile.lock. Run 'pod install' or update your CocoaPods installation.\" >&2\n    exit 1\nfi\n";
			showEnvVarsInLog = 0;
		};
		4F95E534002ABE56A2E7CCF9 /* [CP] Check Pods Manifest.lock */ = {
			isa = PBXShellScriptBuildPhase;
			buildActionMask = 2147483647;
			files = (
			);
			inputPaths = (
			);
			name = "[CP] Check Pods Manifest.lock";
			outputPaths = (
			);
			runOnlyForDeploymentPostprocessing = 0;
			shellPath = /bin/sh;
			shellScript = "diff \"${PODS_PODFILE_DIR_PATH}/Podfile.lock\" \"${PODS_ROOT}/Manifest.lock\" > /dev/null\nif [ $? != 0 ] ; then\n    # print error to STDERR\n    echo \"error: The sandbox is not in sync with the Podfile.lock. Run 'pod install' or update your CocoaPods installation.\" >&2\n    exit 1\nfi\n";
			showEnvVarsInLog = 0;
		};
		7956161F9CEEAD3E93698C77 /* [CP] Embed Pods Frameworks */ = {
			isa = PBXShellScriptBuildPhase;
			buildActionMask = 2147483647;
			files = (
			);
			inputPaths = (
			);
			name = "[CP] Embed Pods Frameworks";
			outputPaths = (
			);
			runOnlyForDeploymentPostprocessing = 0;
			shellPath = /bin/sh;
			shellScript = "\"${SRCROOT}/Pods/Target Support Files/Pods-Movies-appTests/Pods-Movies-appTests-frameworks.sh\"\n";
			showEnvVarsInLog = 0;
		};
		823BC0CADB8B207C12F0FA6A /* [CP] Check Pods Manifest.lock */ = {
			isa = PBXShellScriptBuildPhase;
			buildActionMask = 2147483647;
			files = (
			);
			inputPaths = (
			);
			name = "[CP] Check Pods Manifest.lock";
			outputPaths = (
			);
			runOnlyForDeploymentPostprocessing = 0;
			shellPath = /bin/sh;
			shellScript = "diff \"${PODS_PODFILE_DIR_PATH}/Podfile.lock\" \"${PODS_ROOT}/Manifest.lock\" > /dev/null\nif [ $? != 0 ] ; then\n    # print error to STDERR\n    echo \"error: The sandbox is not in sync with the Podfile.lock. Run 'pod install' or update your CocoaPods installation.\" >&2\n    exit 1\nfi\n";
			showEnvVarsInLog = 0;
		};
		AE509D608B70A8CE63DE2A27 /* [CP] Embed Pods Frameworks */ = {
			isa = PBXShellScriptBuildPhase;
			buildActionMask = 2147483647;
			files = (
			);
			inputPaths = (
			);
			name = "[CP] Embed Pods Frameworks";
			outputPaths = (
			);
			runOnlyForDeploymentPostprocessing = 0;
			shellPath = /bin/sh;
			shellScript = "\"${SRCROOT}/Pods/Target Support Files/Pods-Movies-app/Pods-Movies-app-frameworks.sh\"\n";
			showEnvVarsInLog = 0;
		};
		BB7388491B0B43A45EBFC6BE /* [CP] Embed Pods Frameworks */ = {
			isa = PBXShellScriptBuildPhase;
			buildActionMask = 2147483647;
			files = (
			);
			inputPaths = (
			);
			name = "[CP] Embed Pods Frameworks";
			outputPaths = (
			);
			runOnlyForDeploymentPostprocessing = 0;
			shellPath = /bin/sh;
			shellScript = "\"${SRCROOT}/Pods/Target Support Files/Pods-Movies-appUITests/Pods-Movies-appUITests-frameworks.sh\"\n";
			showEnvVarsInLog = 0;
		};
		BDEE91BB78D12194CD146A31 /* [CP] Copy Pods Resources */ = {
			isa = PBXShellScriptBuildPhase;
			buildActionMask = 2147483647;
			files = (
			);
			inputPaths = (
			);
			name = "[CP] Copy Pods Resources";
			outputPaths = (
			);
			runOnlyForDeploymentPostprocessing = 0;
			shellPath = /bin/sh;
			shellScript = "\"${SRCROOT}/Pods/Target Support Files/Pods-Movies-appTests/Pods-Movies-appTests-resources.sh\"\n";
			showEnvVarsInLog = 0;
		};
/* End PBXShellScriptBuildPhase section */

/* Begin PBXSourcesBuildPhase section */
		43E8CFAA1EFAB2D90040A982 /* Sources */ = {
			isa = PBXSourcesBuildPhase;
			buildActionMask = 2147483647;
			files = (
				512644451EFF4BB100B6D2F8 /* SearchViewController.swift in Sources */,
				43E8CFB41EFAB2D90040A982 /* ViewController.swift in Sources */,
				43E8CFBA1EFAB2D90040A982 /* Movies_app.xcdatamodeld in Sources */,
				512644491EFF4C7C00B6D2F8 /* RandomViewController.swift in Sources */,
				43E8CFB21EFAB2D90040A982 /* AppDelegate.swift in Sources */,
				512644471EFF4C2D00B6D2F8 /* FavoritesViewController.swift in Sources */,
				512644431EFF4A8F00B6D2F8 /* HomeViewController.swift in Sources */,
			);
			runOnlyForDeploymentPostprocessing = 0;
		};
		43E8CFC11EFAB2D90040A982 /* Sources */ = {
			isa = PBXSourcesBuildPhase;
			buildActionMask = 2147483647;
			files = (
				43E8CFCA1EFAB2D90040A982 /* Movies_appTests.swift in Sources */,
			);
			runOnlyForDeploymentPostprocessing = 0;
		};
		43E8CFCC1EFAB2D90040A982 /* Sources */ = {
			isa = PBXSourcesBuildPhase;
			buildActionMask = 2147483647;
			files = (
				43E8CFD51EFAB2D90040A982 /* Movies_appUITests.swift in Sources */,
			);
			runOnlyForDeploymentPostprocessing = 0;
		};
/* End PBXSourcesBuildPhase section */

/* Begin PBXTargetDependency section */
		43E8CFC71EFAB2D90040A982 /* PBXTargetDependency */ = {
			isa = PBXTargetDependency;
			target = 43E8CFAD1EFAB2D90040A982 /* Movies-app */;
			targetProxy = 43E8CFC61EFAB2D90040A982 /* PBXContainerItemProxy */;
		};
		43E8CFD21EFAB2D90040A982 /* PBXTargetDependency */ = {
			isa = PBXTargetDependency;
			target = 43E8CFAD1EFAB2D90040A982 /* Movies-app */;
			targetProxy = 43E8CFD11EFAB2D90040A982 /* PBXContainerItemProxy */;
		};
/* End PBXTargetDependency section */

/* Begin PBXVariantGroup section */
		43E8CFB51EFAB2D90040A982 /* Main.storyboard */ = {
			isa = PBXVariantGroup;
			children = (
				43E8CFB61EFAB2D90040A982 /* Base */,
			);
			name = Main.storyboard;
			sourceTree = "<group>";
		};
		43E8CFBD1EFAB2D90040A982 /* LaunchScreen.storyboard */ = {
			isa = PBXVariantGroup;
			children = (
				43E8CFBE1EFAB2D90040A982 /* Base */,
			);
			name = LaunchScreen.storyboard;
			sourceTree = "<group>";
		};
/* End PBXVariantGroup section */

/* Begin XCBuildConfiguration section */
		43E8CFD71EFAB2D90040A982 /* Debug */ = {
			isa = XCBuildConfiguration;
			buildSettings = {
				ALWAYS_SEARCH_USER_PATHS = NO;
				CLANG_ANALYZER_NONNULL = YES;
				CLANG_ANALYZER_NUMBER_OBJECT_CONVERSION = YES_AGGRESSIVE;
				CLANG_CXX_LANGUAGE_STANDARD = "gnu++0x";
				CLANG_CXX_LIBRARY = "libc++";
				CLANG_ENABLE_MODULES = YES;
				CLANG_ENABLE_OBJC_ARC = YES;
				CLANG_WARN_BOOL_CONVERSION = YES;
				CLANG_WARN_CONSTANT_CONVERSION = YES;
				CLANG_WARN_DIRECT_OBJC_ISA_USAGE = YES_ERROR;
				CLANG_WARN_DOCUMENTATION_COMMENTS = YES;
				CLANG_WARN_EMPTY_BODY = YES;
				CLANG_WARN_ENUM_CONVERSION = YES;
				CLANG_WARN_INFINITE_RECURSION = YES;
				CLANG_WARN_INT_CONVERSION = YES;
				CLANG_WARN_OBJC_ROOT_CLASS = YES_ERROR;
				CLANG_WARN_SUSPICIOUS_MOVE = YES;
				CLANG_WARN_UNREACHABLE_CODE = YES;
				CLANG_WARN__DUPLICATE_METHOD_MATCH = YES;
				"CODE_SIGN_IDENTITY[sdk=iphoneos*]" = "iPhone Developer";
				COPY_PHASE_STRIP = NO;
				DEBUG_INFORMATION_FORMAT = dwarf;
				ENABLE_STRICT_OBJC_MSGSEND = YES;
				ENABLE_TESTABILITY = YES;
				GCC_C_LANGUAGE_STANDARD = gnu99;
				GCC_DYNAMIC_NO_PIC = NO;
				GCC_NO_COMMON_BLOCKS = YES;
				GCC_OPTIMIZATION_LEVEL = 0;
				GCC_PREPROCESSOR_DEFINITIONS = (
					"DEBUG=1",
					"$(inherited)",
				);
				GCC_WARN_64_TO_32_BIT_CONVERSION = YES;
				GCC_WARN_ABOUT_RETURN_TYPE = YES_ERROR;
				GCC_WARN_UNDECLARED_SELECTOR = YES;
				GCC_WARN_UNINITIALIZED_AUTOS = YES_AGGRESSIVE;
				GCC_WARN_UNUSED_FUNCTION = YES;
				GCC_WARN_UNUSED_VARIABLE = YES;
				IPHONEOS_DEPLOYMENT_TARGET = 10.3;
				MTL_ENABLE_DEBUG_INFO = YES;
				ONLY_ACTIVE_ARCH = YES;
				SDKROOT = iphoneos;
				SWIFT_ACTIVE_COMPILATION_CONDITIONS = DEBUG;
				SWIFT_OPTIMIZATION_LEVEL = "-Onone";
				TARGETED_DEVICE_FAMILY = "1,2";
			};
			name = Debug;
		};
		43E8CFD81EFAB2D90040A982 /* Release */ = {
			isa = XCBuildConfiguration;
			buildSettings = {
				ALWAYS_SEARCH_USER_PATHS = NO;
				CLANG_ANALYZER_NONNULL = YES;
				CLANG_ANALYZER_NUMBER_OBJECT_CONVERSION = YES_AGGRESSIVE;
				CLANG_CXX_LANGUAGE_STANDARD = "gnu++0x";
				CLANG_CXX_LIBRARY = "libc++";
				CLANG_ENABLE_MODULES = YES;
				CLANG_ENABLE_OBJC_ARC = YES;
				CLANG_WARN_BOOL_CONVERSION = YES;
				CLANG_WARN_CONSTANT_CONVERSION = YES;
				CLANG_WARN_DIRECT_OBJC_ISA_USAGE = YES_ERROR;
				CLANG_WARN_DOCUMENTATION_COMMENTS = YES;
				CLANG_WARN_EMPTY_BODY = YES;
				CLANG_WARN_ENUM_CONVERSION = YES;
				CLANG_WARN_INFINITE_RECURSION = YES;
				CLANG_WARN_INT_CONVERSION = YES;
				CLANG_WARN_OBJC_ROOT_CLASS = YES_ERROR;
				CLANG_WARN_SUSPICIOUS_MOVE = YES;
				CLANG_WARN_UNREACHABLE_CODE = YES;
				CLANG_WARN__DUPLICATE_METHOD_MATCH = YES;
				"CODE_SIGN_IDENTITY[sdk=iphoneos*]" = "iPhone Developer";
				COPY_PHASE_STRIP = NO;
				DEBUG_INFORMATION_FORMAT = "dwarf-with-dsym";
				ENABLE_NS_ASSERTIONS = NO;
				ENABLE_STRICT_OBJC_MSGSEND = YES;
				GCC_C_LANGUAGE_STANDARD = gnu99;
				GCC_NO_COMMON_BLOCKS = YES;
				GCC_WARN_64_TO_32_BIT_CONVERSION = YES;
				GCC_WARN_ABOUT_RETURN_TYPE = YES_ERROR;
				GCC_WARN_UNDECLARED_SELECTOR = YES;
				GCC_WARN_UNINITIALIZED_AUTOS = YES_AGGRESSIVE;
				GCC_WARN_UNUSED_FUNCTION = YES;
				GCC_WARN_UNUSED_VARIABLE = YES;
				IPHONEOS_DEPLOYMENT_TARGET = 10.3;
				MTL_ENABLE_DEBUG_INFO = NO;
				SDKROOT = iphoneos;
				SWIFT_OPTIMIZATION_LEVEL = "-Owholemodule";
				TARGETED_DEVICE_FAMILY = "1,2";
				VALIDATE_PRODUCT = YES;
			};
			name = Release;
		};
		43E8CFDA1EFAB2D90040A982 /* Debug */ = {
			isa = XCBuildConfiguration;
			baseConfigurationReference = 1D5E68FED44FB5DA062B2AF8 /* Pods-Movies-app.debug.xcconfig */;
			buildSettings = {
				ASSETCATALOG_COMPILER_APPICON_NAME = AppIcon;
				DEVELOPMENT_TEAM = "";
				INFOPLIST_FILE = "Movies-app/Info.plist";
				IPHONEOS_DEPLOYMENT_TARGET = 10.2;
				LD_RUNPATH_SEARCH_PATHS = "$(inherited) @executable_path/Frameworks";
				PRODUCT_BUNDLE_IDENTIFIER = "com.assignments.final.Movies-app";
				PRODUCT_NAME = "$(TARGET_NAME)";
				SWIFT_VERSION = 3.0;
			};
			name = Debug;
		};
		43E8CFDB1EFAB2D90040A982 /* Release */ = {
			isa = XCBuildConfiguration;
			baseConfigurationReference = ED616047CEB769393E77768E /* Pods-Movies-app.release.xcconfig */;
			buildSettings = {
				ASSETCATALOG_COMPILER_APPICON_NAME = AppIcon;
				DEVELOPMENT_TEAM = "";
				INFOPLIST_FILE = "Movies-app/Info.plist";
				IPHONEOS_DEPLOYMENT_TARGET = 10.2;
				LD_RUNPATH_SEARCH_PATHS = "$(inherited) @executable_path/Frameworks";
				PRODUCT_BUNDLE_IDENTIFIER = "com.assignments.final.Movies-app";
				PRODUCT_NAME = "$(TARGET_NAME)";
				SWIFT_VERSION = 3.0;
			};
			name = Release;
		};
		43E8CFDD1EFAB2D90040A982 /* Debug */ = {
			isa = XCBuildConfiguration;
			baseConfigurationReference = 257DE3AE4F7BDA87BF141C9A /* Pods-Movies-appTests.debug.xcconfig */;
			buildSettings = {
				ALWAYS_EMBED_SWIFT_STANDARD_LIBRARIES = YES;
				BUNDLE_LOADER = "$(TEST_HOST)";
				DEVELOPMENT_TEAM = UUBSQ7AHAA;
				INFOPLIST_FILE = "Movies-appTests/Info.plist";
				LD_RUNPATH_SEARCH_PATHS = "$(inherited) @executable_path/Frameworks @loader_path/Frameworks";
				PRODUCT_BUNDLE_IDENTIFIER = "com.assignments.final.Movies-appTests";
				PRODUCT_NAME = "$(TARGET_NAME)";
				SWIFT_VERSION = 3.0;
				TEST_HOST = "$(BUILT_PRODUCTS_DIR)/Movies-app.app/Movies-app";
			};
			name = Debug;
		};
		43E8CFDE1EFAB2D90040A982 /* Release */ = {
			isa = XCBuildConfiguration;
			baseConfigurationReference = 79D0C9DB98B1CD154861BF37 /* Pods-Movies-appTests.release.xcconfig */;
			buildSettings = {
				ALWAYS_EMBED_SWIFT_STANDARD_LIBRARIES = YES;
				BUNDLE_LOADER = "$(TEST_HOST)";
				DEVELOPMENT_TEAM = UUBSQ7AHAA;
				INFOPLIST_FILE = "Movies-appTests/Info.plist";
				LD_RUNPATH_SEARCH_PATHS = "$(inherited) @executable_path/Frameworks @loader_path/Frameworks";
				PRODUCT_BUNDLE_IDENTIFIER = "com.assignments.final.Movies-appTests";
				PRODUCT_NAME = "$(TARGET_NAME)";
				SWIFT_VERSION = 3.0;
				TEST_HOST = "$(BUILT_PRODUCTS_DIR)/Movies-app.app/Movies-app";
			};
			name = Release;
		};
		43E8CFE01EFAB2D90040A982 /* Debug */ = {
			isa = XCBuildConfiguration;
			baseConfigurationReference = A29582F63E6AE4E32C0F3BE1 /* Pods-Movies-appUITests.debug.xcconfig */;
			buildSettings = {
				ALWAYS_EMBED_SWIFT_STANDARD_LIBRARIES = YES;
				DEVELOPMENT_TEAM = UUBSQ7AHAA;
				INFOPLIST_FILE = "Movies-appUITests/Info.plist";
				LD_RUNPATH_SEARCH_PATHS = "$(inherited) @executable_path/Frameworks @loader_path/Frameworks";
				PRODUCT_BUNDLE_IDENTIFIER = "com.assignments.final.Movies-appUITests";
				PRODUCT_NAME = "$(TARGET_NAME)";
				SWIFT_VERSION = 3.0;
				TEST_TARGET_NAME = "Movies-app";
			};
			name = Debug;
		};
		43E8CFE11EFAB2D90040A982 /* Release */ = {
			isa = XCBuildConfiguration;
			baseConfigurationReference = B6524F387B444AE312990405 /* Pods-Movies-appUITests.release.xcconfig */;
			buildSettings = {
				ALWAYS_EMBED_SWIFT_STANDARD_LIBRARIES = YES;
				DEVELOPMENT_TEAM = UUBSQ7AHAA;
				INFOPLIST_FILE = "Movies-appUITests/Info.plist";
				LD_RUNPATH_SEARCH_PATHS = "$(inherited) @executable_path/Frameworks @loader_path/Frameworks";
				PRODUCT_BUNDLE_IDENTIFIER = "com.assignments.final.Movies-appUITests";
				PRODUCT_NAME = "$(TARGET_NAME)";
				SWIFT_VERSION = 3.0;
				TEST_TARGET_NAME = "Movies-app";
			};
			name = Release;
		};
/* End XCBuildConfiguration section */

/* Begin XCConfigurationList section */
		43E8CFA91EFAB2D90040A982 /* Build configuration list for PBXProject "Movies-app" */ = {
			isa = XCConfigurationList;
			buildConfigurations = (
				43E8CFD71EFAB2D90040A982 /* Debug */,
				43E8CFD81EFAB2D90040A982 /* Release */,
			);
			defaultConfigurationIsVisible = 0;
			defaultConfigurationName = Release;
		};
		43E8CFD91EFAB2D90040A982 /* Build configuration list for PBXNativeTarget "Movies-app" */ = {
			isa = XCConfigurationList;
			buildConfigurations = (
				43E8CFDA1EFAB2D90040A982 /* Debug */,
				43E8CFDB1EFAB2D90040A982 /* Release */,
			);
			defaultConfigurationIsVisible = 0;
			defaultConfigurationName = Release;
		};
		43E8CFDC1EFAB2D90040A982 /* Build configuration list for PBXNativeTarget "Movies-appTests" */ = {
			isa = XCConfigurationList;
			buildConfigurations = (
				43E8CFDD1EFAB2D90040A982 /* Debug */,
				43E8CFDE1EFAB2D90040A982 /* Release */,
			);
			defaultConfigurationIsVisible = 0;
			defaultConfigurationName = Release;
		};
		43E8CFDF1EFAB2D90040A982 /* Build configuration list for PBXNativeTarget "Movies-appUITests" */ = {
			isa = XCConfigurationList;
			buildConfigurations = (
				43E8CFE01EFAB2D90040A982 /* Debug */,
				43E8CFE11EFAB2D90040A982 /* Release */,
			);
			defaultConfigurationIsVisible = 0;
			defaultConfigurationName = Release;
		};
/* End XCConfigurationList section */

/* Begin XCVersionGroup section */
		43E8CFB81EFAB2D90040A982 /* Movies_app.xcdatamodeld */ = {
			isa = XCVersionGroup;
			children = (
				43E8CFB91EFAB2D90040A982 /* Movies_app.xcdatamodel */,
			);
			currentVersion = 43E8CFB91EFAB2D90040A982 /* Movies_app.xcdatamodel */;
			path = Movies_app.xcdatamodeld;
			sourceTree = "<group>";
			versionGroupType = wrapper.xcdatamodel;
		};
/* End XCVersionGroup section */
	};
	rootObject = 43E8CFA61EFAB2D90040A982 /* Project object */;
}
